// !$*UTF8*$!
{
	archiveVersion = 1;
	classes = {
	};
	objectVersion = 46;
	objects = {

/* Begin PBXBuildFile section */
		BB092F63196363160074DF9A /* NSManagedObjectModel+KCOrderedAccessorFix.m in Sources */ = {isa = PBXBuildFile; fileRef = BB092F62196363160074DF9A /* NSManagedObjectModel+KCOrderedAccessorFix.m */; };
		BB092F69196368940074DF9A /* WACoreDataCity.m in Sources */ = {isa = PBXBuildFile; fileRef = BB092F68196368940074DF9A /* WACoreDataCity.m */; };
		BB092F6C196368940074DF9A /* WACoreDataHourlyWeather.m in Sources */ = {isa = PBXBuildFile; fileRef = BB092F6B196368940074DF9A /* WACoreDataHourlyWeather.m */; };
		BB092F6F196368940074DF9A /* WACoreDataDailyWeather.m in Sources */ = {isa = PBXBuildFile; fileRef = BB092F6E196368940074DF9A /* WACoreDataDailyWeather.m */; };
		BB092F72196368940074DF9A /* WACoreDataApp.m in Sources */ = {isa = PBXBuildFile; fileRef = BB092F71196368940074DF9A /* WACoreDataApp.m */; };
		BB092F75196368940074DF9A /* WACoreDataCurrentWeather.m in Sources */ = {isa = PBXBuildFile; fileRef = BB092F74196368940074DF9A /* WACoreDataCurrentWeather.m */; };
		BB174F301947A6CF00ED6854 /* WAHorizontalScroller.m in Sources */ = {isa = PBXBuildFile; fileRef = BB174F2F1947A6CF00ED6854 /* WAHorizontalScroller.m */; };
		BB6D1C12194BADE400318106 /* iconMap.plist in Resources */ = {isa = PBXBuildFile; fileRef = BB6D1C11194BADE400318106 /* iconMap.plist */; };
		BB8A86F11958B3E300E94AD5 /* CoreData.framework in Frameworks */ = {isa = PBXBuildFile; fileRef = BB8A86F01958B3E300E94AD5 /* CoreData.framework */; };
		BB8A873D1958E52400E94AD5 /* WACoreDataManager.m in Sources */ = {isa = PBXBuildFile; fileRef = BB8A873C1958E52400E94AD5 /* WACoreDataManager.m */; };
		BB8A8761195A296100E94AD5 /* WAModel.xcdatamodeld in Sources */ = {isa = PBXBuildFile; fileRef = BB8A875F195A296100E94AD5 /* WAModel.xcdatamodeld */; };
		BBBBBC3119443977007B4748 /* Foundation.framework in Frameworks */ = {isa = PBXBuildFile; fileRef = BBBBBC3019443977007B4748 /* Foundation.framework */; };
		BBBBBC3319443977007B4748 /* CoreGraphics.framework in Frameworks */ = {isa = PBXBuildFile; fileRef = BBBBBC3219443977007B4748 /* CoreGraphics.framework */; };
		BBBBBC3519443977007B4748 /* UIKit.framework in Frameworks */ = {isa = PBXBuildFile; fileRef = BBBBBC3419443977007B4748 /* UIKit.framework */; };
		BBBBBC3B19443977007B4748 /* InfoPlist.strings in Resources */ = {isa = PBXBuildFile; fileRef = BBBBBC3919443977007B4748 /* InfoPlist.strings */; };
		BBBBBC3D19443977007B4748 /* main.m in Sources */ = {isa = PBXBuildFile; fileRef = BBBBBC3C19443977007B4748 /* main.m */; };
		BBBBBC4119443977007B4748 /* WAAppDelegate.m in Sources */ = {isa = PBXBuildFile; fileRef = BBBBBC4019443977007B4748 /* WAAppDelegate.m */; };
		BBBBBC4319443977007B4748 /* Images.xcassets in Resources */ = {isa = PBXBuildFile; fileRef = BBBBBC4219443977007B4748 /* Images.xcassets */; };
		BBBBBC4A19443978007B4748 /* XCTest.framework in Frameworks */ = {isa = PBXBuildFile; fileRef = BBBBBC4919443978007B4748 /* XCTest.framework */; };
		BBBBBC4B19443978007B4748 /* Foundation.framework in Frameworks */ = {isa = PBXBuildFile; fileRef = BBBBBC3019443977007B4748 /* Foundation.framework */; };
		BBBBBC4C19443978007B4748 /* UIKit.framework in Frameworks */ = {isa = PBXBuildFile; fileRef = BBBBBC3419443977007B4748 /* UIKit.framework */; };
		BBBBBC5419443978007B4748 /* InfoPlist.strings in Resources */ = {isa = PBXBuildFile; fileRef = BBBBBC5219443978007B4748 /* InfoPlist.strings */; };
		BBBBBC5619443978007B4748 /* WeatherAppTests.m in Sources */ = {isa = PBXBuildFile; fileRef = BBBBBC5519443978007B4748 /* WeatherAppTests.m */; };
		BBBBBC64194439F0007B4748 /* WAViewController.m in Sources */ = {isa = PBXBuildFile; fileRef = BBBBBC63194439F0007B4748 /* WAViewController.m */; };
		BBBBBC6B194625F2007B4748 /* WACity.m in Sources */ = {isa = PBXBuildFile; fileRef = BBBBBC6A194625F2007B4748 /* WACity.m */; };
		BBBBBC6E194629EF007B4748 /* WAWeather.m in Sources */ = {isa = PBXBuildFile; fileRef = BBBBBC6D194629EF007B4748 /* WAWeather.m */; };
		BBBBBC72194664AF007B4748 /* WAHTTPClient.m in Sources */ = {isa = PBXBuildFile; fileRef = BBBBBC71194664AF007B4748 /* WAHTTPClient.m */; };
		BBBBBC7519466D51007B4748 /* WALibraryAPI.m in Sources */ = {isa = PBXBuildFile; fileRef = BBBBBC7419466D51007B4748 /* WALibraryAPI.m */; };
		BBBBBC7819467B47007B4748 /* WACityView.m in Sources */ = {isa = PBXBuildFile; fileRef = BBBBBC7719467B47007B4748 /* WACityView.m */; };
		BBBBBC7B194698DD007B4748 /* WAPersistencyManager.m in Sources */ = {isa = PBXBuildFile; fileRef = BBBBBC7A194698DD007B4748 /* WAPersistencyManager.m */; };
/* End PBXBuildFile section */

/* Begin PBXContainerItemProxy section */
		BBBBBC4D19443978007B4748 /* PBXContainerItemProxy */ = {
			isa = PBXContainerItemProxy;
			containerPortal = BBBBBC2519443977007B4748 /* Project object */;
			proxyType = 1;
			remoteGlobalIDString = BBBBBC2C19443977007B4748;
			remoteInfo = WeatherApp;
		};
/* End PBXContainerItemProxy section */

/* Begin PBXFileReference section */
		BB092F61196363160074DF9A /* NSManagedObjectModel+KCOrderedAccessorFix.h */ = {isa = PBXFileReference; fileEncoding = 4; lastKnownFileType = sourcecode.c.h; path = "NSManagedObjectModel+KCOrderedAccessorFix.h"; sourceTree = "<group>"; };
		BB092F62196363160074DF9A /* NSManagedObjectModel+KCOrderedAccessorFix.m */ = {isa = PBXFileReference; fileEncoding = 4; lastKnownFileType = sourcecode.c.objc; path = "NSManagedObjectModel+KCOrderedAccessorFix.m"; sourceTree = "<group>"; };
		BB092F67196368940074DF9A /* WACoreDataCity.h */ = {isa = PBXFileReference; fileEncoding = 4; lastKnownFileType = sourcecode.c.h; path = WACoreDataCity.h; sourceTree = "<group>"; };
		BB092F68196368940074DF9A /* WACoreDataCity.m */ = {isa = PBXFileReference; fileEncoding = 4; lastKnownFileType = sourcecode.c.objc; path = WACoreDataCity.m; sourceTree = "<group>"; };
		BB092F6A196368940074DF9A /* WACoreDataHourlyWeather.h */ = {isa = PBXFileReference; fileEncoding = 4; lastKnownFileType = sourcecode.c.h; path = WACoreDataHourlyWeather.h; sourceTree = "<group>"; };
		BB092F6B196368940074DF9A /* WACoreDataHourlyWeather.m */ = {isa = PBXFileReference; fileEncoding = 4; lastKnownFileType = sourcecode.c.objc; path = WACoreDataHourlyWeather.m; sourceTree = "<group>"; };
		BB092F6D196368940074DF9A /* WACoreDataDailyWeather.h */ = {isa = PBXFileReference; fileEncoding = 4; lastKnownFileType = sourcecode.c.h; path = WACoreDataDailyWeather.h; sourceTree = "<group>"; };
		BB092F6E196368940074DF9A /* WACoreDataDailyWeather.m */ = {isa = PBXFileReference; fileEncoding = 4; lastKnownFileType = sourcecode.c.objc; path = WACoreDataDailyWeather.m; sourceTree = "<group>"; };
		BB092F70196368940074DF9A /* WACoreDataApp.h */ = {isa = PBXFileReference; fileEncoding = 4; lastKnownFileType = sourcecode.c.h; path = WACoreDataApp.h; sourceTree = "<group>"; };
		BB092F71196368940074DF9A /* WACoreDataApp.m */ = {isa = PBXFileReference; fileEncoding = 4; lastKnownFileType = sourcecode.c.objc; path = WACoreDataApp.m; sourceTree = "<group>"; };
		BB092F73196368940074DF9A /* WACoreDataCurrentWeather.h */ = {isa = PBXFileReference; fileEncoding = 4; lastKnownFileType = sourcecode.c.h; path = WACoreDataCurrentWeather.h; sourceTree = "<group>"; };
		BB092F74196368940074DF9A /* WACoreDataCurrentWeather.m */ = {isa = PBXFileReference; fileEncoding = 4; lastKnownFileType = sourcecode.c.objc; path = WACoreDataCurrentWeather.m; sourceTree = "<group>"; };
		BB174F2E1947A6CE00ED6854 /* WAHorizontalScroller.h */ = {isa = PBXFileReference; fileEncoding = 4; lastKnownFileType = sourcecode.c.h; path = WAHorizontalScroller.h; sourceTree = "<group>"; };
		BB174F2F1947A6CF00ED6854 /* WAHorizontalScroller.m */ = {isa = PBXFileReference; fileEncoding = 4; lastKnownFileType = sourcecode.c.objc; path = WAHorizontalScroller.m; sourceTree = "<group>"; };
		BB6D1C11194BADE400318106 /* iconMap.plist */ = {isa = PBXFileReference; fileEncoding = 4; lastKnownFileType = text.plist.xml; path = iconMap.plist; sourceTree = "<group>"; };
		BB8A86F01958B3E300E94AD5 /* CoreData.framework */ = {isa = PBXFileReference; lastKnownFileType = wrapper.framework; name = CoreData.framework; path = System/Library/Frameworks/CoreData.framework; sourceTree = SDKROOT; };
		BB8A873B1958E52400E94AD5 /* WACoreDataManager.h */ = {isa = PBXFileReference; fileEncoding = 4; lastKnownFileType = sourcecode.c.h; path = WACoreDataManager.h; sourceTree = "<group>"; };
		BB8A873C1958E52400E94AD5 /* WACoreDataManager.m */ = {isa = PBXFileReference; fileEncoding = 4; lastKnownFileType = sourcecode.c.objc; path = WACoreDataManager.m; sourceTree = "<group>"; };
		BB8A8760195A296100E94AD5 /* WAModel.xcdatamodel */ = {isa = PBXFileReference; lastKnownFileType = wrapper.xcdatamodel; path = WAModel.xcdatamodel; sourceTree = "<group>"; };
		BBBBBC2D19443977007B4748 /* WeatherApp.app */ = {isa = PBXFileReference; explicitFileType = wrapper.application; includeInIndex = 0; path = WeatherApp.app; sourceTree = BUILT_PRODUCTS_DIR; };
		BBBBBC3019443977007B4748 /* Foundation.framework */ = {isa = PBXFileReference; lastKnownFileType = wrapper.framework; name = Foundation.framework; path = System/Library/Frameworks/Foundation.framework; sourceTree = SDKROOT; };
		BBBBBC3219443977007B4748 /* CoreGraphics.framework */ = {isa = PBXFileReference; lastKnownFileType = wrapper.framework; name = CoreGraphics.framework; path = System/Library/Frameworks/CoreGraphics.framework; sourceTree = SDKROOT; };
		BBBBBC3419443977007B4748 /* UIKit.framework */ = {isa = PBXFileReference; lastKnownFileType = wrapper.framework; name = UIKit.framework; path = System/Library/Frameworks/UIKit.framework; sourceTree = SDKROOT; };
		BBBBBC3819443977007B4748 /* WeatherApp-Info.plist */ = {isa = PBXFileReference; lastKnownFileType = text.plist.xml; path = "WeatherApp-Info.plist"; sourceTree = "<group>"; };
		BBBBBC3A19443977007B4748 /* en */ = {isa = PBXFileReference; lastKnownFileType = text.plist.strings; name = en; path = en.lproj/InfoPlist.strings; sourceTree = "<group>"; };
		BBBBBC3C19443977007B4748 /* main.m */ = {isa = PBXFileReference; lastKnownFileType = sourcecode.c.objc; path = main.m; sourceTree = "<group>"; };
		BBBBBC3E19443977007B4748 /* WeatherApp-Prefix.pch */ = {isa = PBXFileReference; lastKnownFileType = sourcecode.c.h; path = "WeatherApp-Prefix.pch"; sourceTree = "<group>"; };
		BBBBBC3F19443977007B4748 /* WAAppDelegate.h */ = {isa = PBXFileReference; lastKnownFileType = sourcecode.c.h; path = WAAppDelegate.h; sourceTree = "<group>"; };
		BBBBBC4019443977007B4748 /* WAAppDelegate.m */ = {isa = PBXFileReference; lastKnownFileType = sourcecode.c.objc; path = WAAppDelegate.m; sourceTree = "<group>"; };
		BBBBBC4219443977007B4748 /* Images.xcassets */ = {isa = PBXFileReference; lastKnownFileType = folder.assetcatalog; path = Images.xcassets; sourceTree = "<group>"; };
		BBBBBC4819443978007B4748 /* WeatherAppTests.xctest */ = {isa = PBXFileReference; explicitFileType = wrapper.cfbundle; includeInIndex = 0; path = WeatherAppTests.xctest; sourceTree = BUILT_PRODUCTS_DIR; };
		BBBBBC4919443978007B4748 /* XCTest.framework */ = {isa = PBXFileReference; lastKnownFileType = wrapper.framework; name = XCTest.framework; path = Library/Frameworks/XCTest.framework; sourceTree = DEVELOPER_DIR; };
		BBBBBC5119443978007B4748 /* WeatherAppTests-Info.plist */ = {isa = PBXFileReference; lastKnownFileType = text.plist.xml; path = "WeatherAppTests-Info.plist"; sourceTree = "<group>"; };
		BBBBBC5319443978007B4748 /* en */ = {isa = PBXFileReference; lastKnownFileType = text.plist.strings; name = en; path = en.lproj/InfoPlist.strings; sourceTree = "<group>"; };
		BBBBBC5519443978007B4748 /* WeatherAppTests.m */ = {isa = PBXFileReference; lastKnownFileType = sourcecode.c.objc; path = WeatherAppTests.m; sourceTree = "<group>"; };
		BBBBBC62194439F0007B4748 /* WAViewController.h */ = {isa = PBXFileReference; fileEncoding = 4; lastKnownFileType = sourcecode.c.h; path = WAViewController.h; sourceTree = "<group>"; };
		BBBBBC63194439F0007B4748 /* WAViewController.m */ = {isa = PBXFileReference; fileEncoding = 4; lastKnownFileType = sourcecode.c.objc; path = WAViewController.m; sourceTree = "<group>"; };
		BBBBBC69194625F2007B4748 /* WACity.h */ = {isa = PBXFileReference; fileEncoding = 4; lastKnownFileType = sourcecode.c.h; path = WACity.h; sourceTree = "<group>"; };
		BBBBBC6A194625F2007B4748 /* WACity.m */ = {isa = PBXFileReference; fileEncoding = 4; lastKnownFileType = sourcecode.c.objc; path = WACity.m; sourceTree = "<group>"; };
		BBBBBC6C194629EF007B4748 /* WAWeather.h */ = {isa = PBXFileReference; fileEncoding = 4; lastKnownFileType = sourcecode.c.h; path = WAWeather.h; sourceTree = "<group>"; };
		BBBBBC6D194629EF007B4748 /* WAWeather.m */ = {isa = PBXFileReference; fileEncoding = 4; lastKnownFileType = sourcecode.c.objc; path = WAWeather.m; sourceTree = "<group>"; };
		BBBBBC70194664AF007B4748 /* WAHTTPClient.h */ = {isa = PBXFileReference; fileEncoding = 4; lastKnownFileType = sourcecode.c.h; path = WAHTTPClient.h; sourceTree = "<group>"; };
		BBBBBC71194664AF007B4748 /* WAHTTPClient.m */ = {isa = PBXFileReference; fileEncoding = 4; lastKnownFileType = sourcecode.c.objc; path = WAHTTPClient.m; sourceTree = "<group>"; };
		BBBBBC7319466D51007B4748 /* WALibraryAPI.h */ = {isa = PBXFileReference; fileEncoding = 4; lastKnownFileType = sourcecode.c.h; path = WALibraryAPI.h; sourceTree = "<group>"; };
		BBBBBC7419466D51007B4748 /* WALibraryAPI.m */ = {isa = PBXFileReference; fileEncoding = 4; lastKnownFileType = sourcecode.c.objc; path = WALibraryAPI.m; sourceTree = "<group>"; };
		BBBBBC7619467B47007B4748 /* WACityView.h */ = {isa = PBXFileReference; fileEncoding = 4; lastKnownFileType = sourcecode.c.h; path = WACityView.h; sourceTree = "<group>"; };
		BBBBBC7719467B47007B4748 /* WACityView.m */ = {isa = PBXFileReference; fileEncoding = 4; lastKnownFileType = sourcecode.c.objc; path = WACityView.m; sourceTree = "<group>"; };
		BBBBBC79194698DD007B4748 /* WAPersistencyManager.h */ = {isa = PBXFileReference; fileEncoding = 4; lastKnownFileType = sourcecode.c.h; path = WAPersistencyManager.h; sourceTree = "<group>"; };
		BBBBBC7A194698DD007B4748 /* WAPersistencyManager.m */ = {isa = PBXFileReference; fileEncoding = 4; lastKnownFileType = sourcecode.c.objc; path = WAPersistencyManager.m; sourceTree = "<group>"; };
/* End PBXFileReference section */

/* Begin PBXFrameworksBuildPhase section */
		BBBBBC2A19443977007B4748 /* Frameworks */ = {
			isa = PBXFrameworksBuildPhase;
			buildActionMask = 2147483647;
			files = (
				BB8A86F11958B3E300E94AD5 /* CoreData.framework in Frameworks */,
				BBBBBC3319443977007B4748 /* CoreGraphics.framework in Frameworks */,
				BBBBBC3519443977007B4748 /* UIKit.framework in Frameworks */,
				BBBBBC3119443977007B4748 /* Foundation.framework in Frameworks */,
			);
			runOnlyForDeploymentPostprocessing = 0;
		};
		BBBBBC4519443978007B4748 /* Frameworks */ = {
			isa = PBXFrameworksBuildPhase;
			buildActionMask = 2147483647;
			files = (
				BBBBBC4A19443978007B4748 /* XCTest.framework in Frameworks */,
				BBBBBC4C19443978007B4748 /* UIKit.framework in Frameworks */,
				BBBBBC4B19443978007B4748 /* Foundation.framework in Frameworks */,
			);
			runOnlyForDeploymentPostprocessing = 0;
		};
/* End PBXFrameworksBuildPhase section */

/* Begin PBXGroup section */
		BBBBBC2419443977007B4748 = {
			isa = PBXGroup;
			children = (
				BBBBBC3619443977007B4748 /* WeatherApp */,
				BBBBBC4F19443978007B4748 /* WeatherAppTests */,
				BBBBBC2F19443977007B4748 /* Frameworks */,
				BBBBBC2E19443977007B4748 /* Products */,
			);
			sourceTree = "<group>";
		};
		BBBBBC2E19443977007B4748 /* Products */ = {
			isa = PBXGroup;
			children = (
				BBBBBC2D19443977007B4748 /* WeatherApp.app */,
				BBBBBC4819443978007B4748 /* WeatherAppTests.xctest */,
			);
			name = Products;
			sourceTree = "<group>";
		};
		BBBBBC2F19443977007B4748 /* Frameworks */ = {
			isa = PBXGroup;
			children = (
				BB8A86F01958B3E300E94AD5 /* CoreData.framework */,
				BBBBBC3019443977007B4748 /* Foundation.framework */,
				BBBBBC3219443977007B4748 /* CoreGraphics.framework */,
				BBBBBC3419443977007B4748 /* UIKit.framework */,
				BBBBBC4919443978007B4748 /* XCTest.framework */,
			);
			name = Frameworks;
			sourceTree = "<group>";
		};
		BBBBBC3619443977007B4748 /* WeatherApp */ = {
			isa = PBXGroup;
			children = (
				BBBBBC5F194439B6007B4748 /* Model */,
				BBBBBC60194439BE007B4748 /* View */,
				BBBBBC61194439C4007B4748 /* Controller */,
				BBBBBC6F1946645E007B4748 /* API */,
				BBBBBC3F19443977007B4748 /* WAAppDelegate.h */,
				BBBBBC4019443977007B4748 /* WAAppDelegate.m */,
				BB092F61196363160074DF9A /* NSManagedObjectModel+KCOrderedAccessorFix.h */,
				BB092F62196363160074DF9A /* NSManagedObjectModel+KCOrderedAccessorFix.m */,
				BBBBBC4219443977007B4748 /* Images.xcassets */,
				BBBBBC3719443977007B4748 /* Supporting Files */,
			);
			path = WeatherApp;
			sourceTree = "<group>";
		};
		BBBBBC3719443977007B4748 /* Supporting Files */ = {
			isa = PBXGroup;
			children = (
				BBBBBC3819443977007B4748 /* WeatherApp-Info.plist */,
				BBBBBC3919443977007B4748 /* InfoPlist.strings */,
				BBBBBC3C19443977007B4748 /* main.m */,
				BBBBBC3E19443977007B4748 /* WeatherApp-Prefix.pch */,
			);
			name = "Supporting Files";
			sourceTree = "<group>";
		};
		BBBBBC4F19443978007B4748 /* WeatherAppTests */ = {
			isa = PBXGroup;
			children = (
				BBBBBC5519443978007B4748 /* WeatherAppTests.m */,
				BBBBBC5019443978007B4748 /* Supporting Files */,
			);
			path = WeatherAppTests;
			sourceTree = "<group>";
		};
		BBBBBC5019443978007B4748 /* Supporting Files */ = {
			isa = PBXGroup;
			children = (
				BBBBBC5119443978007B4748 /* WeatherAppTests-Info.plist */,
				BBBBBC5219443978007B4748 /* InfoPlist.strings */,
			);
			name = "Supporting Files";
			sourceTree = "<group>";
		};
		BBBBBC5F194439B6007B4748 /* Model */ = {
			isa = PBXGroup;
			children = (
				BBBBBC69194625F2007B4748 /* WACity.h */,
				BBBBBC6A194625F2007B4748 /* WACity.m */,
				BBBBBC6C194629EF007B4748 /* WAWeather.h */,
				BBBBBC6D194629EF007B4748 /* WAWeather.m */,
				BB8A875F195A296100E94AD5 /* WAModel.xcdatamodeld */,
				BB092F70196368940074DF9A /* WACoreDataApp.h */,
				BB092F71196368940074DF9A /* WACoreDataApp.m */,
				BB092F67196368940074DF9A /* WACoreDataCity.h */,
				BB092F68196368940074DF9A /* WACoreDataCity.m */,
				BB092F73196368940074DF9A /* WACoreDataCurrentWeather.h */,
				BB092F74196368940074DF9A /* WACoreDataCurrentWeather.m */,
				BB092F6A196368940074DF9A /* WACoreDataHourlyWeather.h */,
				BB092F6B196368940074DF9A /* WACoreDataHourlyWeather.m */,
				BB092F6D196368940074DF9A /* WACoreDataDailyWeather.h */,
				BB092F6E196368940074DF9A /* WACoreDataDailyWeather.m */,
				BB6D1C11194BADE400318106 /* iconMap.plist */,
			);
			name = Model;
			sourceTree = "<group>";
		};
		BBBBBC60194439BE007B4748 /* View */ = {
			isa = PBXGroup;
			children = (
				BBBBBC7619467B47007B4748 /* WACityView.h */,
				BBBBBC7719467B47007B4748 /* WACityView.m */,
			);
			name = View;
			sourceTree = "<group>";
		};
		BBBBBC61194439C4007B4748 /* Controller */ = {
			isa = PBXGroup;
			children = (
				BBBBBC62194439F0007B4748 /* WAViewController.h */,
				BBBBBC63194439F0007B4748 /* WAViewController.m */,
				BB174F2E1947A6CE00ED6854 /* WAHorizontalScroller.h */,
				BB174F2F1947A6CF00ED6854 /* WAHorizontalScroller.m */,
			);
			name = Controller;
			sourceTree = "<group>";
		};
		BBBBBC6F1946645E007B4748 /* API */ = {
			isa = PBXGroup;
			children = (
				BBBBBC7319466D51007B4748 /* WALibraryAPI.h */,
				BBBBBC7419466D51007B4748 /* WALibraryAPI.m */,
				BBBBBC79194698DD007B4748 /* WAPersistencyManager.h */,
				BBBBBC7A194698DD007B4748 /* WAPersistencyManager.m */,
				BBBBBC70194664AF007B4748 /* WAHTTPClient.h */,
				BBBBBC71194664AF007B4748 /* WAHTTPClient.m */,
				BB8A873B1958E52400E94AD5 /* WACoreDataManager.h */,
				BB8A873C1958E52400E94AD5 /* WACoreDataManager.m */,
			);
			name = API;
			sourceTree = "<group>";
		};
/* End PBXGroup section */

/* Begin PBXNativeTarget section */
		BBBBBC2C19443977007B4748 /* WeatherApp */ = {
			isa = PBXNativeTarget;
			buildConfigurationList = BBBBBC5919443978007B4748 /* Build configuration list for PBXNativeTarget "WeatherApp" */;
			buildPhases = (
				BBBBBC2919443977007B4748 /* Sources */,
				BBBBBC2A19443977007B4748 /* Frameworks */,
				BBBBBC2B19443977007B4748 /* Resources */,
			);
			buildRules = (
			);
			dependencies = (
			);
			name = WeatherApp;
			productName = WeatherApp;
			productReference = BBBBBC2D19443977007B4748 /* WeatherApp.app */;
			productType = "com.apple.product-type.application";
		};
		BBBBBC4719443978007B4748 /* WeatherAppTests */ = {
			isa = PBXNativeTarget;
			buildConfigurationList = BBBBBC5C19443978007B4748 /* Build configuration list for PBXNativeTarget "WeatherAppTests" */;
			buildPhases = (
				BBBBBC4419443978007B4748 /* Sources */,
				BBBBBC4519443978007B4748 /* Frameworks */,
				BBBBBC4619443978007B4748 /* Resources */,
			);
			buildRules = (
			);
			dependencies = (
				BBBBBC4E19443978007B4748 /* PBXTargetDependency */,
			);
			name = WeatherAppTests;
			productName = WeatherAppTests;
			productReference = BBBBBC4819443978007B4748 /* WeatherAppTests.xctest */;
			productType = "com.apple.product-type.bundle.unit-test";
		};
/* End PBXNativeTarget section */

/* Begin PBXProject section */
		BBBBBC2519443977007B4748 /* Project object */ = {
			isa = PBXProject;
			attributes = {
				CLASSPREFIX = WA;
				LastUpgradeCheck = 0510;
				ORGANIZATIONNAME = "___FULLUSERNAME___";
				TargetAttributes = {
					BBBBBC4719443978007B4748 = {
						TestTargetID = BBBBBC2C19443977007B4748;
					};
				};
			};
			buildConfigurationList = BBBBBC2819443977007B4748 /* Build configuration list for PBXProject "WeatherApp" */;
			compatibilityVersion = "Xcode 3.2";
			developmentRegion = English;
			hasScannedForEncodings = 0;
			knownRegions = (
				en,
			);
			mainGroup = BBBBBC2419443977007B4748;
			productRefGroup = BBBBBC2E19443977007B4748 /* Products */;
			projectDirPath = "";
			projectRoot = "";
			targets = (
				BBBBBC2C19443977007B4748 /* WeatherApp */,
				BBBBBC4719443978007B4748 /* WeatherAppTests */,
			);
		};
/* End PBXProject section */

/* Begin PBXResourcesBuildPhase section */
		BBBBBC2B19443977007B4748 /* Resources */ = {
			isa = PBXResourcesBuildPhase;
			buildActionMask = 2147483647;
			files = (
				BBBBBC3B19443977007B4748 /* InfoPlist.strings in Resources */,
				BBBBBC4319443977007B4748 /* Images.xcassets in Resources */,
				BB6D1C12194BADE400318106 /* iconMap.plist in Resources */,
			);
			runOnlyForDeploymentPostprocessing = 0;
		};
		BBBBBC4619443978007B4748 /* Resources */ = {
			isa = PBXResourcesBuildPhase;
			buildActionMask = 2147483647;
			files = (
				BBBBBC5419443978007B4748 /* InfoPlist.strings in Resources */,
			);
			runOnlyForDeploymentPostprocessing = 0;
		};
/* End PBXResourcesBuildPhase section */

/* Begin PBXSourcesBuildPhase section */
		BBBBBC2919443977007B4748 /* Sources */ = {
			isa = PBXSourcesBuildPhase;
			buildActionMask = 2147483647;
			files = (
				BBBBBC6B194625F2007B4748 /* WACity.m in Sources */,
				BB092F72196368940074DF9A /* WACoreDataApp.m in Sources */,
				BB174F301947A6CF00ED6854 /* WAHorizontalScroller.m in Sources */,
				BBBBBC64194439F0007B4748 /* WAViewController.m in Sources */,
				BBBBBC72194664AF007B4748 /* WAHTTPClient.m in Sources */,
				BBBBBC7819467B47007B4748 /* WACityView.m in Sources */,
				BB092F75196368940074DF9A /* WACoreDataCurrentWeather.m in Sources */,
				BBBBBC7519466D51007B4748 /* WALibraryAPI.m in Sources */,
				BBBBBC6E194629EF007B4748 /* WAWeather.m in Sources */,
				BB092F63196363160074DF9A /* NSManagedObjectModel+KCOrderedAccessorFix.m in Sources */,
				BB8A8761195A296100E94AD5 /* WAModel.xcdatamodeld in Sources */,
				BB092F6C196368940074DF9A /* WACoreDataHourlyWeather.m in Sources */,
				BB8A873D1958E52400E94AD5 /* WACoreDataManager.m in Sources */,
				BBBBBC4119443977007B4748 /* WAAppDelegate.m in Sources */,
				BBBBBC3D19443977007B4748 /* main.m in Sources */,
				BB092F6F196368940074DF9A /* WACoreDataDailyWeather.m in Sources */,
				BBBBBC7B194698DD007B4748 /* WAPersistencyManager.m in Sources */,
				BB092F69196368940074DF9A /* WACoreDataCity.m in Sources */,
			);
			runOnlyForDeploymentPostprocessing = 0;
		};
		BBBBBC4419443978007B4748 /* Sources */ = {
			isa = PBXSourcesBuildPhase;
			buildActionMask = 2147483647;
			files = (
				BBBBBC5619443978007B4748 /* WeatherAppTests.m in Sources */,
			);
			runOnlyForDeploymentPostprocessing = 0;
		};
/* End PBXSourcesBuildPhase section */

/* Begin PBXTargetDependency section */
		BBBBBC4E19443978007B4748 /* PBXTargetDependency */ = {
			isa = PBXTargetDependency;
			target = BBBBBC2C19443977007B4748 /* WeatherApp */;
			targetProxy = BBBBBC4D19443978007B4748 /* PBXContainerItemProxy */;
		};
/* End PBXTargetDependency section */

/* Begin PBXVariantGroup section */
		BBBBBC3919443977007B4748 /* InfoPlist.strings */ = {
			isa = PBXVariantGroup;
			children = (
				BBBBBC3A19443977007B4748 /* en */,
			);
			name = InfoPlist.strings;
			sourceTree = "<group>";
		};
		BBBBBC5219443978007B4748 /* InfoPlist.strings */ = {
			isa = PBXVariantGroup;
			children = (
				BBBBBC5319443978007B4748 /* en */,
			);
			name = InfoPlist.strings;
			sourceTree = "<group>";
		};
/* End PBXVariantGroup section */

/* Begin XCBuildConfiguration section */
		BBBBBC5719443978007B4748 /* Debug */ = {
			isa = XCBuildConfiguration;
			buildSettings = {
				ALWAYS_SEARCH_USER_PATHS = NO;
				CLANG_CXX_LANGUAGE_STANDARD = "gnu++0x";
				CLANG_CXX_LIBRARY = "libc++";
				CLANG_ENABLE_MODULES = YES;
				CLANG_ENABLE_OBJC_ARC = YES;
				CLANG_WARN_BOOL_CONVERSION = YES;
				CLANG_WARN_CONSTANT_CONVERSION = YES;
				CLANG_WARN_DIRECT_OBJC_ISA_USAGE = YES_ERROR;
				CLANG_WARN_EMPTY_BODY = YES;
				CLANG_WARN_ENUM_CONVERSION = YES;
				CLANG_WARN_INT_CONVERSION = YES;
				CLANG_WARN_OBJC_ROOT_CLASS = YES_ERROR;
				CLANG_WARN__DUPLICATE_METHOD_MATCH = YES;
				"CODE_SIGN_IDENTITY[sdk=iphoneos*]" = "iPhone Developer";
				COPY_PHASE_STRIP = NO;
				GCC_C_LANGUAGE_STANDARD = gnu99;
				GCC_DYNAMIC_NO_PIC = NO;
				GCC_OPTIMIZATION_LEVEL = 0;
				GCC_PREPROCESSOR_DEFINITIONS = (
					"DEBUG=1",
					"$(inherited)",
				);
				GCC_SYMBOLS_PRIVATE_EXTERN = NO;
				GCC_WARN_64_TO_32_BIT_CONVERSION = YES;
				GCC_WARN_ABOUT_RETURN_TYPE = YES_ERROR;
				GCC_WARN_UNDECLARED_SELECTOR = YES;
				GCC_WARN_UNINITIALIZED_AUTOS = YES_AGGRESSIVE;
				GCC_WARN_UNUSED_FUNCTION = YES;
				GCC_WARN_UNUSED_VARIABLE = YES;
				IPHONEOS_DEPLOYMENT_TARGET = 7.1;
				ONLY_ACTIVE_ARCH = YES;
				SDKROOT = iphoneos;
				TARGETED_DEVICE_FAMILY = "1,2";
			};
			name = Debug;
		};
		BBBBBC5819443978007B4748 /* Release */ = {
			isa = XCBuildConfiguration;
			buildSettings = {
				ALWAYS_SEARCH_USER_PATHS = NO;
				CLANG_CXX_LANGUAGE_STANDARD = "gnu++0x";
				CLANG_CXX_LIBRARY = "libc++";
				CLANG_ENABLE_MODULES = YES;
				CLANG_ENABLE_OBJC_ARC = YES;
				CLANG_WARN_BOOL_CONVERSION = YES;
				CLANG_WARN_CONSTANT_CONVERSION = YES;
				CLANG_WARN_DIRECT_OBJC_ISA_USAGE = YES_ERROR;
				CLANG_WARN_EMPTY_BODY = YES;
				CLANG_WARN_ENUM_CONVERSION = YES;
				CLANG_WARN_INT_CONVERSION = YES;
				CLANG_WARN_OBJC_ROOT_CLASS = YES_ERROR;
				CLANG_WARN__DUPLICATE_METHOD_MATCH = YES;
				"CODE_SIGN_IDENTITY[sdk=iphoneos*]" = "iPhone Developer";
				COPY_PHASE_STRIP = YES;
				ENABLE_NS_ASSERTIONS = NO;
				GCC_C_LANGUAGE_STANDARD = gnu99;
				GCC_WARN_64_TO_32_BIT_CONVERSION = YES;
				GCC_WARN_ABOUT_RETURN_TYPE = YES_ERROR;
				GCC_WARN_UNDECLARED_SELECTOR = YES;
				GCC_WARN_UNINITIALIZED_AUTOS = YES_AGGRESSIVE;
				GCC_WARN_UNUSED_FUNCTION = YES;
				GCC_WARN_UNUSED_VARIABLE = YES;
				IPHONEOS_DEPLOYMENT_TARGET = 7.1;
				SDKROOT = iphoneos;
				TARGETED_DEVICE_FAMILY = "1,2";
				VALIDATE_PRODUCT = YES;
			};
			name = Release;
		};
		BBBBBC5A19443978007B4748 /* Debug */ = {
			isa = XCBuildConfiguration;
			buildSettings = {
				ASSETCATALOG_COMPILER_APPICON_NAME = AppIcon;
				ASSETCATALOG_COMPILER_LAUNCHIMAGE_NAME = LaunchImage;
				GCC_PRECOMPILE_PREFIX_HEADER = YES;
				GCC_PREFIX_HEADER = "WeatherApp/WeatherApp-Prefix.pch";
				INFOPLIST_FILE = "WeatherApp/WeatherApp-Info.plist";
				PRODUCT_NAME = "$(TARGET_NAME)";
				WRAPPER_EXTENSION = app;
			};
			name = Debug;
		};
		BBBBBC5B19443978007B4748 /* Release */ = {
			isa = XCBuildConfiguration;
			buildSettings = {
				ASSETCATALOG_COMPILER_APPICON_NAME = AppIcon;
				ASSETCATALOG_COMPILER_LAUNCHIMAGE_NAME = LaunchImage;
				GCC_PRECOMPILE_PREFIX_HEADER = YES;
				GCC_PREFIX_HEADER = "WeatherApp/WeatherApp-Prefix.pch";
				INFOPLIST_FILE = "WeatherApp/WeatherApp-Info.plist";
				PRODUCT_NAME = "$(TARGET_NAME)";
				WRAPPER_EXTENSION = app;
			};
			name = Release;
		};
		BBBBBC5D19443978007B4748 /* Debug */ = {
			isa = XCBuildConfiguration;
			buildSettings = {
				BUNDLE_LOADER = "$(BUILT_PRODUCTS_DIR)/WeatherApp.app/WeatherApp";
				FRAMEWORK_SEARCH_PATHS = (
					"$(SDKROOT)/Developer/Library/Frameworks",
					"$(inherited)",
					"$(DEVELOPER_FRAMEWORKS_DIR)",
				);
				GCC_PRECOMPILE_PREFIX_HEADER = YES;
				GCC_PREFIX_HEADER = "WeatherApp/WeatherApp-Prefix.pch";
				GCC_PREPROCESSOR_DEFINITIONS = (
					"DEBUG=1",
					"$(inherited)",
				);
				INFOPLIST_FILE = "WeatherAppTests/WeatherAppTests-Info.plist";
				PRODUCT_NAME = "$(TARGET_NAME)";
				TEST_HOST = "$(BUNDLE_LOADER)";
				WRAPPER_EXTENSION = xctest;
			};
			name = Debug;
		};
		BBBBBC5E19443978007B4748 /* Release */ = {
			isa = XCBuildConfiguration;
			buildSettings = {
				BUNDLE_LOADER = "$(BUILT_PRODUCTS_DIR)/WeatherApp.app/WeatherApp";
				FRAMEWORK_SEARCH_PATHS = (
					"$(SDKROOT)/Developer/Library/Frameworks",
					"$(inherited)",
					"$(DEVELOPER_FRAMEWORKS_DIR)",
				);
				GCC_PRECOMPILE_PREFIX_HEADER = YES;
				GCC_PREFIX_HEADER = "WeatherApp/WeatherApp-Prefix.pch";
				INFOPLIST_FILE = "WeatherAppTests/WeatherAppTests-Info.plist";
				PRODUCT_NAME = "$(TARGET_NAME)";
				TEST_HOST = "$(BUNDLE_LOADER)";
				WRAPPER_EXTENSION = xctest;
			};
			name = Release;
		};
/* End XCBuildConfiguration section */

/* Begin XCConfigurationList section */
		BBBBBC2819443977007B4748 /* Build configuration list for PBXProject "WeatherApp" */ = {
			isa = XCConfigurationList;
			buildConfigurations = (
				BBBBBC5719443978007B4748 /* Debug */,
				BBBBBC5819443978007B4748 /* Release */,
			);
			defaultConfigurationIsVisible = 0;
			defaultConfigurationName = Release;
		};
		BBBBBC5919443978007B4748 /* Build configuration list for PBXNativeTarget "WeatherApp" */ = {
			isa = XCConfigurationList;
			buildConfigurations = (
				BBBBBC5A19443978007B4748 /* Debug */,
				BBBBBC5B19443978007B4748 /* Release */,
			);
			defaultConfigurationIsVisible = 0;
			defaultConfigurationName = Release;
		};
		BBBBBC5C19443978007B4748 /* Build configuration list for PBXNativeTarget "WeatherAppTests" */ = {
			isa = XCConfigurationList;
			buildConfigurations = (
				BBBBBC5D19443978007B4748 /* Debug */,
				BBBBBC5E19443978007B4748 /* Release */,
			);
			defaultConfigurationIsVisible = 0;
			defaultConfigurationName = Release;
		};
/* End XCConfigurationList section */

/* Begin XCVersionGroup section */
		BB8A875F195A296100E94AD5 /* WAModel.xcdatamodeld */ = {
			isa = XCVersionGroup;
			children = (
				BB8A8760195A296100E94AD5 /* WAModel.xcdatamodel */,
			);
			currentVersion = BB8A8760195A296100E94AD5 /* WAModel.xcdatamodel */;
			name = WAModel.xcdatamodeld;
			path = ../WAModel.xcdatamodeld;
			sourceTree = "<group>";
			versionGroupType = wrapper.xcdatamodel;
		};
/* End XCVersionGroup section */
	};
	rootObject = BBBBBC2519443977007B4748 /* Project object */;
}
